// !$*UTF8*$!
{
	archiveVersion = 1;
	classes = {
	};
	objectVersion = 51;
	objects = {

/* Begin PBXBuildFile section */
		032D3D6AB307879E74FF116D /* Pods_FlixTests.framework in Frameworks */ = {isa = PBXBuildFile; fileRef = 9E010DDCD2802DFA4E382871 /* Pods_FlixTests.framework */; };
		45AFE2CCFA12E9D1D5627AF9 /* Pods_Flix_FlixUITests.framework in Frameworks */ = {isa = PBXBuildFile; fileRef = 6D0C0CC073206FB6E7A6BAB6 /* Pods_Flix_FlixUITests.framework */; };
		683BE81585753D2484720612 /* Pods_Flix.framework in Frameworks */ = {isa = PBXBuildFile; fileRef = 09B37AA9E07B07C004B7FB81 /* Pods_Flix.framework */; };
		831AC128250D8424001E6C1F /* AppDelegate.swift in Sources */ = {isa = PBXBuildFile; fileRef = 831AC127250D8424001E6C1F /* AppDelegate.swift */; };
		831AC12A250D8424001E6C1F /* SceneDelegate.swift in Sources */ = {isa = PBXBuildFile; fileRef = 831AC129250D8424001E6C1F /* SceneDelegate.swift */; };
		831AC12F250D8424001E6C1F /* Main.storyboard in Resources */ = {isa = PBXBuildFile; fileRef = 831AC12D250D8424001E6C1F /* Main.storyboard */; };
		831AC131250D8426001E6C1F /* Assets.xcassets in Resources */ = {isa = PBXBuildFile; fileRef = 831AC130250D8426001E6C1F /* Assets.xcassets */; };
		831AC134250D8426001E6C1F /* LaunchScreen.storyboard in Resources */ = {isa = PBXBuildFile; fileRef = 831AC132250D8426001E6C1F /* LaunchScreen.storyboard */; };
		831AC13F250D8426001E6C1F /* FlixTests.swift in Sources */ = {isa = PBXBuildFile; fileRef = 831AC13E250D8426001E6C1F /* FlixTests.swift */; };
		831AC14A250D8426001E6C1F /* FlixUITests.swift in Sources */ = {isa = PBXBuildFile; fileRef = 831AC149250D8426001E6C1F /* FlixUITests.swift */; };
		831AC158250D84A7001E6C1F /* MoviesViewController.swift in Sources */ = {isa = PBXBuildFile; fileRef = 831AC157250D84A7001E6C1F /* MoviesViewController.swift */; };
		831AC15A250DC1C6001E6C1F /* MovieCell.swift in Sources */ = {isa = PBXBuildFile; fileRef = 831AC159250DC1C6001E6C1F /* MovieCell.swift */; };
/* End PBXBuildFile section */

/* Begin PBXContainerItemProxy section */
		831AC13B250D8426001E6C1F /* PBXContainerItemProxy */ = {
			isa = PBXContainerItemProxy;
			containerPortal = 831AC11C250D8424001E6C1F /* Project object */;
			proxyType = 1;
			remoteGlobalIDString = 831AC123250D8424001E6C1F;
			remoteInfo = Flix;
		};
		831AC146250D8426001E6C1F /* PBXContainerItemProxy */ = {
			isa = PBXContainerItemProxy;
			containerPortal = 831AC11C250D8424001E6C1F /* Project object */;
			proxyType = 1;
			remoteGlobalIDString = 831AC123250D8424001E6C1F;
			remoteInfo = Flix;
		};
/* End PBXContainerItemProxy section */

/* Begin PBXFileReference section */
		09B37AA9E07B07C004B7FB81 /* Pods_Flix.framework */ = {isa = PBXFileReference; explicitFileType = wrapper.framework; includeInIndex = 0; path = Pods_Flix.framework; sourceTree = BUILT_PRODUCTS_DIR; };
		4A151FD8631BF6A40BCACB79 /* Pods-Flix.release.xcconfig */ = {isa = PBXFileReference; includeInIndex = 1; lastKnownFileType = text.xcconfig; name = "Pods-Flix.release.xcconfig"; path = "Target Support Files/Pods-Flix/Pods-Flix.release.xcconfig"; sourceTree = "<group>"; };
		6735587A84F992EC1ACF705E /* Pods-FlixTests.release.xcconfig */ = {isa = PBXFileReference; includeInIndex = 1; lastKnownFileType = text.xcconfig; name = "Pods-FlixTests.release.xcconfig"; path = "Target Support Files/Pods-FlixTests/Pods-FlixTests.release.xcconfig"; sourceTree = "<group>"; };
		6D0C0CC073206FB6E7A6BAB6 /* Pods_Flix_FlixUITests.framework */ = {isa = PBXFileReference; explicitFileType = wrapper.framework; includeInIndex = 0; path = Pods_Flix_FlixUITests.framework; sourceTree = BUILT_PRODUCTS_DIR; };
		7D0EA319CC73D7D5A26045F9 /* Pods-Flix.debug.xcconfig */ = {isa = PBXFileReference; includeInIndex = 1; lastKnownFileType = text.xcconfig; name = "Pods-Flix.debug.xcconfig"; path = "Target Support Files/Pods-Flix/Pods-Flix.debug.xcconfig"; sourceTree = "<group>"; };
		831AC124250D8424001E6C1F /* Flix.app */ = {isa = PBXFileReference; explicitFileType = wrapper.application; includeInIndex = 0; path = Flix.app; sourceTree = BUILT_PRODUCTS_DIR; };
		831AC127250D8424001E6C1F /* AppDelegate.swift */ = {isa = PBXFileReference; lastKnownFileType = sourcecode.swift; path = AppDelegate.swift; sourceTree = "<group>"; };
		831AC129250D8424001E6C1F /* SceneDelegate.swift */ = {isa = PBXFileReference; lastKnownFileType = sourcecode.swift; path = SceneDelegate.swift; sourceTree = "<group>"; };
		831AC12E250D8424001E6C1F /* Base */ = {isa = PBXFileReference; lastKnownFileType = file.storyboard; name = Base; path = Base.lproj/Main.storyboard; sourceTree = "<group>"; };
		831AC130250D8426001E6C1F /* Assets.xcassets */ = {isa = PBXFileReference; lastKnownFileType = folder.assetcatalog; path = Assets.xcassets; sourceTree = "<group>"; };
		831AC133250D8426001E6C1F /* Base */ = {isa = PBXFileReference; lastKnownFileType = file.storyboard; name = Base; path = Base.lproj/LaunchScreen.storyboard; sourceTree = "<group>"; };
		831AC135250D8426001E6C1F /* Info.plist */ = {isa = PBXFileReference; lastKnownFileType = text.plist.xml; path = Info.plist; sourceTree = "<group>"; };
		831AC13A250D8426001E6C1F /* FlixTests.xctest */ = {isa = PBXFileReference; explicitFileType = wrapper.cfbundle; includeInIndex = 0; path = FlixTests.xctest; sourceTree = BUILT_PRODUCTS_DIR; };
		831AC13E250D8426001E6C1F /* FlixTests.swift */ = {isa = PBXFileReference; lastKnownFileType = sourcecode.swift; path = FlixTests.swift; sourceTree = "<group>"; };
		831AC140250D8426001E6C1F /* Info.plist */ = {isa = PBXFileReference; lastKnownFileType = text.plist.xml; path = Info.plist; sourceTree = "<group>"; };
		831AC145250D8426001E6C1F /* FlixUITests.xctest */ = {isa = PBXFileReference; explicitFileType = wrapper.cfbundle; includeInIndex = 0; path = FlixUITests.xctest; sourceTree = BUILT_PRODUCTS_DIR; };
		831AC149250D8426001E6C1F /* FlixUITests.swift */ = {isa = PBXFileReference; lastKnownFileType = sourcecode.swift; path = FlixUITests.swift; sourceTree = "<group>"; };
		831AC14B250D8426001E6C1F /* Info.plist */ = {isa = PBXFileReference; lastKnownFileType = text.plist.xml; path = Info.plist; sourceTree = "<group>"; };
		831AC157250D84A7001E6C1F /* MoviesViewController.swift */ = {isa = PBXFileReference; lastKnownFileType = sourcecode.swift; path = MoviesViewController.swift; sourceTree = "<group>"; };
		831AC159250DC1C6001E6C1F /* MovieCell.swift */ = {isa = PBXFileReference; lastKnownFileType = sourcecode.swift; path = MovieCell.swift; sourceTree = "<group>"; };
		9E010DDCD2802DFA4E382871 /* Pods_FlixTests.framework */ = {isa = PBXFileReference; explicitFileType = wrapper.framework; includeInIndex = 0; path = Pods_FlixTests.framework; sourceTree = BUILT_PRODUCTS_DIR; };
		C974FABC80A2437CAC02C1DA /* Pods-FlixTests.debug.xcconfig */ = {isa = PBXFileReference; includeInIndex = 1; lastKnownFileType = text.xcconfig; name = "Pods-FlixTests.debug.xcconfig"; path = "Target Support Files/Pods-FlixTests/Pods-FlixTests.debug.xcconfig"; sourceTree = "<group>"; };
		DBB7A7369B26C41DA3053B94 /* Pods-Flix-FlixUITests.release.xcconfig */ = {isa = PBXFileReference; includeInIndex = 1; lastKnownFileType = text.xcconfig; name = "Pods-Flix-FlixUITests.release.xcconfig"; path = "Target Support Files/Pods-Flix-FlixUITests/Pods-Flix-FlixUITests.release.xcconfig"; sourceTree = "<group>"; };
		E5ABCD8F7C87BD4D4ACB9D2D /* Pods-Flix-FlixUITests.debug.xcconfig */ = {isa = PBXFileReference; includeInIndex = 1; lastKnownFileType = text.xcconfig; name = "Pods-Flix-FlixUITests.debug.xcconfig"; path = "Target Support Files/Pods-Flix-FlixUITests/Pods-Flix-FlixUITests.debug.xcconfig"; sourceTree = "<group>"; };
/* End PBXFileReference section */

/* Begin PBXFrameworksBuildPhase section */
		831AC121250D8424001E6C1F /* Frameworks */ = {
			isa = PBXFrameworksBuildPhase;
			buildActionMask = 2147483647;
			files = (
				683BE81585753D2484720612 /* Pods_Flix.framework in Frameworks */,
			);
			runOnlyForDeploymentPostprocessing = 0;
		};
		831AC137250D8426001E6C1F /* Frameworks */ = {
			isa = PBXFrameworksBuildPhase;
			buildActionMask = 2147483647;
			files = (
				032D3D6AB307879E74FF116D /* Pods_FlixTests.framework in Frameworks */,
			);
			runOnlyForDeploymentPostprocessing = 0;
		};
		831AC142250D8426001E6C1F /* Frameworks */ = {
			isa = PBXFrameworksBuildPhase;
			buildActionMask = 2147483647;
			files = (
				45AFE2CCFA12E9D1D5627AF9 /* Pods_Flix_FlixUITests.framework in Frameworks */,
			);
			runOnlyForDeploymentPostprocessing = 0;
		};
/* End PBXFrameworksBuildPhase section */

/* Begin PBXGroup section */
		7F0B63A7E6052FEDE1E29AAE /* Pods */ = {
			isa = PBXGroup;
			children = (
				7D0EA319CC73D7D5A26045F9 /* Pods-Flix.debug.xcconfig */,
				4A151FD8631BF6A40BCACB79 /* Pods-Flix.release.xcconfig */,
				E5ABCD8F7C87BD4D4ACB9D2D /* Pods-Flix-FlixUITests.debug.xcconfig */,
				DBB7A7369B26C41DA3053B94 /* Pods-Flix-FlixUITests.release.xcconfig */,
				C974FABC80A2437CAC02C1DA /* Pods-FlixTests.debug.xcconfig */,
				6735587A84F992EC1ACF705E /* Pods-FlixTests.release.xcconfig */,
			);
			path = Pods;
			sourceTree = "<group>";
		};
		831AC11B250D8424001E6C1F = {
			isa = PBXGroup;
			children = (
				831AC126250D8424001E6C1F /* Flix */,
				831AC13D250D8426001E6C1F /* FlixTests */,
				831AC148250D8426001E6C1F /* FlixUITests */,
				831AC125250D8424001E6C1F /* Products */,
				7F0B63A7E6052FEDE1E29AAE /* Pods */,
				86944DB29A29E1845B2E8F21 /* Frameworks */,
			);
			sourceTree = "<group>";
		};
		831AC125250D8424001E6C1F /* Products */ = {
			isa = PBXGroup;
			children = (
				831AC124250D8424001E6C1F /* Flix.app */,
				831AC13A250D8426001E6C1F /* FlixTests.xctest */,
				831AC145250D8426001E6C1F /* FlixUITests.xctest */,
			);
			name = Products;
			sourceTree = "<group>";
		};
		831AC126250D8424001E6C1F /* Flix */ = {
			isa = PBXGroup;
			children = (
				831AC127250D8424001E6C1F /* AppDelegate.swift */,
				831AC129250D8424001E6C1F /* SceneDelegate.swift */,
				831AC12D250D8424001E6C1F /* Main.storyboard */,
				831AC130250D8426001E6C1F /* Assets.xcassets */,
				831AC132250D8426001E6C1F /* LaunchScreen.storyboard */,
				831AC135250D8426001E6C1F /* Info.plist */,
				831AC157250D84A7001E6C1F /* MoviesViewController.swift */,
				831AC159250DC1C6001E6C1F /* MovieCell.swift */,
			);
			path = Flix;
			sourceTree = "<group>";
		};
		831AC13D250D8426001E6C1F /* FlixTests */ = {
			isa = PBXGroup;
			children = (
				831AC13E250D8426001E6C1F /* FlixTests.swift */,
				831AC140250D8426001E6C1F /* Info.plist */,
			);
			path = FlixTests;
			sourceTree = "<group>";
		};
		831AC148250D8426001E6C1F /* FlixUITests */ = {
			isa = PBXGroup;
			children = (
				831AC149250D8426001E6C1F /* FlixUITests.swift */,
				831AC14B250D8426001E6C1F /* Info.plist */,
			);
			path = FlixUITests;
			sourceTree = "<group>";
		};
		86944DB29A29E1845B2E8F21 /* Frameworks */ = {
			isa = PBXGroup;
			children = (
				09B37AA9E07B07C004B7FB81 /* Pods_Flix.framework */,
				6D0C0CC073206FB6E7A6BAB6 /* Pods_Flix_FlixUITests.framework */,
				9E010DDCD2802DFA4E382871 /* Pods_FlixTests.framework */,
			);
			name = Frameworks;
			sourceTree = "<group>";
		};
/* End PBXGroup section */

/* Begin PBXNativeTarget section */
		831AC123250D8424001E6C1F /* Flix */ = {
			isa = PBXNativeTarget;
			buildConfigurationList = 831AC14E250D8426001E6C1F /* Build configuration list for PBXNativeTarget "Flix" */;
			buildPhases = (
				3A1B7384F1203E10DCD7F708 /* [CP] Check Pods Manifest.lock */,
				831AC120250D8424001E6C1F /* Sources */,
				831AC121250D8424001E6C1F /* Frameworks */,
				831AC122250D8424001E6C1F /* Resources */,
				DB09131108CA2BDE46308E57 /* [CP] Embed Pods Frameworks */,
			);
			buildRules = (
			);
			dependencies = (
			);
			name = Flix;
			productName = Flix;
			productReference = 831AC124250D8424001E6C1F /* Flix.app */;
			productType = "com.apple.product-type.application";
		};
		831AC139250D8426001E6C1F /* FlixTests */ = {
			isa = PBXNativeTarget;
			buildConfigurationList = 831AC151250D8426001E6C1F /* Build configuration list for PBXNativeTarget "FlixTests" */;
			buildPhases = (
				3AAD226D9CE477DE3905CC04 /* [CP] Check Pods Manifest.lock */,
				831AC136250D8426001E6C1F /* Sources */,
				831AC137250D8426001E6C1F /* Frameworks */,
				831AC138250D8426001E6C1F /* Resources */,
			);
			buildRules = (
			);
			dependencies = (
				831AC13C250D8426001E6C1F /* PBXTargetDependency */,
			);
			name = FlixTests;
			productName = FlixTests;
			productReference = 831AC13A250D8426001E6C1F /* FlixTests.xctest */;
			productType = "com.apple.product-type.bundle.unit-test";
		};
		831AC144250D8426001E6C1F /* FlixUITests */ = {
			isa = PBXNativeTarget;
			buildConfigurationList = 831AC154250D8426001E6C1F /* Build configuration list for PBXNativeTarget "FlixUITests" */;
			buildPhases = (
				74EF2038EBE278D19022C41A /* [CP] Check Pods Manifest.lock */,
				831AC141250D8426001E6C1F /* Sources */,
				831AC142250D8426001E6C1F /* Frameworks */,
				831AC143250D8426001E6C1F /* Resources */,
				38135203073A126B4534FC64 /* [CP] Embed Pods Frameworks */,
			);
			buildRules = (
			);
			dependencies = (
				831AC147250D8426001E6C1F /* PBXTargetDependency */,
			);
			name = FlixUITests;
			productName = FlixUITests;
			productReference = 831AC145250D8426001E6C1F /* FlixUITests.xctest */;
			productType = "com.apple.product-type.bundle.ui-testing";
		};
/* End PBXNativeTarget section */

/* Begin PBXProject section */
		831AC11C250D8424001E6C1F /* Project object */ = {
			isa = PBXProject;
			attributes = {
				LastSwiftUpdateCheck = 1170;
				LastUpgradeCheck = 1170;
				ORGANIZATIONNAME = Codepath;
				TargetAttributes = {
					831AC123250D8424001E6C1F = {
						CreatedOnToolsVersion = 11.7;
					};
					831AC139250D8426001E6C1F = {
						CreatedOnToolsVersion = 11.7;
						TestTargetID = 831AC123250D8424001E6C1F;
					};
					831AC144250D8426001E6C1F = {
						CreatedOnToolsVersion = 11.7;
						TestTargetID = 831AC123250D8424001E6C1F;
					};
				};
			};
			buildConfigurationList = 831AC11F250D8424001E6C1F /* Build configuration list for PBXProject "Flix" */;
			compatibilityVersion = "Xcode 9.3";
			developmentRegion = en;
			hasScannedForEncodings = 0;
			knownRegions = (
				en,
				Base,
			);
			mainGroup = 831AC11B250D8424001E6C1F;
			productRefGroup = 831AC125250D8424001E6C1F /* Products */;
			projectDirPath = "";
			projectRoot = "";
			targets = (
				831AC123250D8424001E6C1F /* Flix */,
				831AC139250D8426001E6C1F /* FlixTests */,
				831AC144250D8426001E6C1F /* FlixUITests */,
			);
		};
/* End PBXProject section */

/* Begin PBXResourcesBuildPhase section */
		831AC122250D8424001E6C1F /* Resources */ = {
			isa = PBXResourcesBuildPhase;
			buildActionMask = 2147483647;
			files = (
				831AC134250D8426001E6C1F /* LaunchScreen.storyboard in Resources */,
				831AC131250D8426001E6C1F /* Assets.xcassets in Resources */,
				831AC12F250D8424001E6C1F /* Main.storyboard in Resources */,
			);
			runOnlyForDeploymentPostprocessing = 0;
		};
		831AC138250D8426001E6C1F /* Resources */ = {
			isa = PBXResourcesBuildPhase;
			buildActionMask = 2147483647;
			files = (
			);
			runOnlyForDeploymentPostprocessing = 0;
		};
		831AC143250D8426001E6C1F /* Resources */ = {
			isa = PBXResourcesBuildPhase;
			buildActionMask = 2147483647;
			files = (
			);
			runOnlyForDeploymentPostprocessing = 0;
		};
/* End PBXResourcesBuildPhase section */

/* Begin PBXShellScriptBuildPhase section */
		38135203073A126B4534FC64 /* [CP] Embed Pods Frameworks */ = {
			isa = PBXShellScriptBuildPhase;
			buildActionMask = 2147483647;
			files = (
			);
			inputFileListPaths = (
				"${PODS_ROOT}/Target Support Files/Pods-Flix-FlixUITests/Pods-Flix-FlixUITests-frameworks-${CONFIGURATION}-input-files.xcfilelist",
			);
			name = "[CP] Embed Pods Frameworks";
			outputFileListPaths = (
				"${PODS_ROOT}/Target Support Files/Pods-Flix-FlixUITests/Pods-Flix-FlixUITests-frameworks-${CONFIGURATION}-output-files.xcfilelist",
			);
			runOnlyForDeploymentPostprocessing = 0;
			shellPath = /bin/sh;
			shellScript = "\"${PODS_ROOT}/Target Support Files/Pods-Flix-FlixUITests/Pods-Flix-FlixUITests-frameworks.sh\"\n";
			showEnvVarsInLog = 0;
		};
		3A1B7384F1203E10DCD7F708 /* [CP] Check Pods Manifest.lock */ = {
			isa = PBXShellScriptBuildPhase;
			buildActionMask = 2147483647;
			files = (
			);
			inputFileListPaths = (
			);
			inputPaths = (
				"${PODS_PODFILE_DIR_PATH}/Podfile.lock",
				"${PODS_ROOT}/Manifest.lock",
			);
			name = "[CP] Check Pods Manifest.lock";
			outputFileListPaths = (
			);
			outputPaths = (
				"$(DERIVED_FILE_DIR)/Pods-Flix-checkManifestLockResult.txt",
			);
			runOnlyForDeploymentPostprocessing = 0;
			shellPath = /bin/sh;
			shellScript = "diff \"${PODS_PODFILE_DIR_PATH}/Podfile.lock\" \"${PODS_ROOT}/Manifest.lock\" > /dev/null\nif [ $? != 0 ] ; then\n    # print error to STDERR\n    echo \"error: The sandbox is not in sync with the Podfile.lock. Run 'pod install' or update your CocoaPods installation.\" >&2\n    exit 1\nfi\n# This output is used by Xcode 'outputs' to avoid re-running this script phase.\necho \"SUCCESS\" > \"${SCRIPT_OUTPUT_FILE_0}\"\n";
			showEnvVarsInLog = 0;
		};
		3AAD226D9CE477DE3905CC04 /* [CP] Check Pods Manifest.lock */ = {
			isa = PBXShellScriptBuildPhase;
			buildActionMask = 2147483647;
			files = (
			);
			inputFileListPaths = (
			);
			inputPaths = (
				"${PODS_PODFILE_DIR_PATH}/Podfile.lock",
				"${PODS_ROOT}/Manifest.lock",
			);
			name = "[CP] Check Pods Manifest.lock";
			outputFileListPaths = (
			);
			outputPaths = (
				"$(DERIVED_FILE_DIR)/Pods-FlixTests-checkManifestLockResult.txt",
			);
			runOnlyForDeploymentPostprocessing = 0;
			shellPath = /bin/sh;
			shellScript = "diff \"${PODS_PODFILE_DIR_PATH}/Podfile.lock\" \"${PODS_ROOT}/Manifest.lock\" > /dev/null\nif [ $? != 0 ] ; then\n    # print error to STDERR\n    echo \"error: The sandbox is not in sync with the Podfile.lock. Run 'pod install' or update your CocoaPods installation.\" >&2\n    exit 1\nfi\n# This output is used by Xcode 'outputs' to avoid re-running this script phase.\necho \"SUCCESS\" > \"${SCRIPT_OUTPUT_FILE_0}\"\n";
			showEnvVarsInLog = 0;
		};
		74EF2038EBE278D19022C41A /* [CP] Check Pods Manifest.lock */ = {
			isa = PBXShellScriptBuildPhase;
			buildActionMask = 2147483647;
			files = (
			);
			inputFileListPaths = (
			);
			inputPaths = (
				"${PODS_PODFILE_DIR_PATH}/Podfile.lock",
				"${PODS_ROOT}/Manifest.lock",
			);
			name = "[CP] Check Pods Manifest.lock";
			outputFileListPaths = (
			);
			outputPaths = (
				"$(DERIVED_FILE_DIR)/Pods-Flix-FlixUITests-checkManifestLockResult.txt",
			);
			runOnlyForDeploymentPostprocessing = 0;
			shellPath = /bin/sh;
			shellScript = "diff \"${PODS_PODFILE_DIR_PATH}/Podfile.lock\" \"${PODS_ROOT}/Manifest.lock\" > /dev/null\nif [ $? != 0 ] ; then\n    # print error to STDERR\n    echo \"error: The sandbox is not in sync with the Podfile.lock. Run 'pod install' or update your CocoaPods installation.\" >&2\n    exit 1\nfi\n# This output is used by Xcode 'outputs' to avoid re-running this script phase.\necho \"SUCCESS\" > \"${SCRIPT_OUTPUT_FILE_0}\"\n";
			showEnvVarsInLog = 0;
		};
		DB09131108CA2BDE46308E57 /* [CP] Embed Pods Frameworks */ = {
			isa = PBXShellScriptBuildPhase;
			buildActionMask = 2147483647;
			files = (
			);
			inputFileListPaths = (
				"${PODS_ROOT}/Target Support Files/Pods-Flix/Pods-Flix-frameworks-${CONFIGURATION}-input-files.xcfilelist",
			);
			name = "[CP] Embed Pods Frameworks";
			outputFileListPaths = (
				"${PODS_ROOT}/Target Support Files/Pods-Flix/Pods-Flix-frameworks-${CONFIGURATION}-output-files.xcfilelist",
			);
			runOnlyForDeploymentPostprocessing = 0;
			shellPath = /bin/sh;
			shellScript = "\"${PODS_ROOT}/Target Support Files/Pods-Flix/Pods-Flix-frameworks.sh\"\n";
			showEnvVarsInLog = 0;
		};
/* End PBXShellScriptBuildPhase section */

/* Begin PBXSourcesBuildPhase section */
		831AC120250D8424001E6C1F /* Sources */ = {
			isa = PBXSourcesBuildPhase;
			buildActionMask = 2147483647;
			files = (
				831AC128250D8424001E6C1F /* AppDelegate.swift in Sources */,
				831AC12A250D8424001E6C1F /* SceneDelegate.swift in Sources */,
				831AC15A250DC1C6001E6C1F /* MovieCell.swift in Sources */,
				831AC158250D84A7001E6C1F /* MoviesViewController.swift in Sources */,
			);
			runOnlyForDeploymentPostprocessing = 0;
		};
		831AC136250D8426001E6C1F /* Sources */ = {
			isa = PBXSourcesBuildPhase;
			buildActionMask = 2147483647;
			files = (
				831AC13F250D8426001E6C1F /* FlixTests.swift in Sources */,
			);
			runOnlyForDeploymentPostprocessing = 0;
		};
		831AC141250D8426001E6C1F /* Sources */ = {
			isa = PBXSourcesBuildPhase;
			buildActionMask = 2147483647;
			files = (
				831AC14A250D8426001E6C1F /* FlixUITests.swift in Sources */,
			);
			runOnlyForDeploymentPostprocessing = 0;
		};
/* End PBXSourcesBuildPhase section */

/* Begin PBXTargetDependency section */
		831AC13C250D8426001E6C1F /* PBXTargetDependency */ = {
			isa = PBXTargetDependency;
			target = 831AC123250D8424001E6C1F /* Flix */;
			targetProxy = 831AC13B250D8426001E6C1F /* PBXContainerItemProxy */;
		};
		831AC147250D8426001E6C1F /* PBXTargetDependency */ = {
			isa = PBXTargetDependency;
			target = 831AC123250D8424001E6C1F /* Flix */;
			targetProxy = 831AC146250D8426001E6C1F /* PBXContainerItemProxy */;
		};
/* End PBXTargetDependency section */

/* Begin PBXVariantGroup section */
		831AC12D250D8424001E6C1F /* Main.storyboard */ = {
			isa = PBXVariantGroup;
			children = (
				831AC12E250D8424001E6C1F /* Base */,
			);
			name = Main.storyboard;
			sourceTree = "<group>";
		};
		831AC132250D8426001E6C1F /* LaunchScreen.storyboard */ = {
			isa = PBXVariantGroup;
			children = (
				831AC133250D8426001E6C1F /* Base */,
			);
			name = LaunchScreen.storyboard;
			sourceTree = "<group>";
		};
/* End PBXVariantGroup section */

/* Begin XCBuildConfiguration section */
		831AC14C250D8426001E6C1F /* Debug */ = {
			isa = XCBuildConfiguration;
			buildSettings = {
				ALWAYS_SEARCH_USER_PATHS = NO;
				CLANG_ANALYZER_NONNULL = YES;
				CLANG_ANALYZER_NUMBER_OBJECT_CONVERSION = YES_AGGRESSIVE;
				CLANG_CXX_LANGUAGE_STANDARD = "gnu++14";
				CLANG_CXX_LIBRARY = "libc++";
				CLANG_ENABLE_MODULES = YES;
				CLANG_ENABLE_OBJC_ARC = YES;
				CLANG_ENABLE_OBJC_WEAK = YES;
				CLANG_WARN_BLOCK_CAPTURE_AUTORELEASING = YES;
				CLANG_WARN_BOOL_CONVERSION = YES;
				CLANG_WARN_COMMA = YES;
				CLANG_WARN_CONSTANT_CONVERSION = YES;
				CLANG_WARN_DEPRECATED_OBJC_IMPLEMENTATIONS = YES;
				CLANG_WARN_DIRECT_OBJC_ISA_USAGE = YES_ERROR;
				CLANG_WARN_DOCUMENTATION_COMMENTS = YES;
				CLANG_WARN_EMPTY_BODY = YES;
				CLANG_WARN_ENUM_CONVERSION = YES;
				CLANG_WARN_INFINITE_RECURSION = YES;
				CLANG_WARN_INT_CONVERSION = YES;
				CLANG_WARN_NON_LITERAL_NULL_CONVERSION = YES;
				CLANG_WARN_OBJC_IMPLICIT_RETAIN_SELF = YES;
				CLANG_WARN_OBJC_LITERAL_CONVERSION = YES;
				CLANG_WARN_OBJC_ROOT_CLASS = YES_ERROR;
				CLANG_WARN_RANGE_LOOP_ANALYSIS = YES;
				CLANG_WARN_STRICT_PROTOTYPES = YES;
				CLANG_WARN_SUSPICIOUS_MOVE = YES;
				CLANG_WARN_UNGUARDED_AVAILABILITY = YES_AGGRESSIVE;
				CLANG_WARN_UNREACHABLE_CODE = YES;
				CLANG_WARN__DUPLICATE_METHOD_MATCH = YES;
				COPY_PHASE_STRIP = NO;
				DEBUG_INFORMATION_FORMAT = dwarf;
				ENABLE_STRICT_OBJC_MSGSEND = YES;
				ENABLE_TESTABILITY = YES;
				GCC_C_LANGUAGE_STANDARD = gnu11;
				GCC_DYNAMIC_NO_PIC = NO;
				GCC_NO_COMMON_BLOCKS = YES;
				GCC_OPTIMIZATION_LEVEL = 0;
				GCC_PREPROCESSOR_DEFINITIONS = (
					"DEBUG=1",
					"$(inherited)",
				);
				GCC_WARN_64_TO_32_BIT_CONVERSION = YES;
				GCC_WARN_ABOUT_RETURN_TYPE = YES_ERROR;
				GCC_WARN_UNDECLARED_SELECTOR = YES;
				GCC_WARN_UNINITIALIZED_AUTOS = YES_AGGRESSIVE;
				GCC_WARN_UNUSED_FUNCTION = YES;
				GCC_WARN_UNUSED_VARIABLE = YES;
				IPHONEOS_DEPLOYMENT_TARGET = 13.7;
				MTL_ENABLE_DEBUG_INFO = INCLUDE_SOURCE;
				MTL_FAST_MATH = YES;
				ONLY_ACTIVE_ARCH = YES;
				SDKROOT = iphoneos;
				SWIFT_ACTIVE_COMPILATION_CONDITIONS = DEBUG;
				SWIFT_OPTIMIZATION_LEVEL = "-Onone";
			};
			name = Debug;
		};
		831AC14D250D8426001E6C1F /* Release */ = {
			isa = XCBuildConfiguration;
			buildSettings = {
				ALWAYS_SEARCH_USER_PATHS = NO;
				CLANG_ANALYZER_NONNULL = YES;
				CLANG_ANALYZER_NUMBER_OBJECT_CONVERSION = YES_AGGRESSIVE;
				CLANG_CXX_LANGUAGE_STANDARD = "gnu++14";
				CLANG_CXX_LIBRARY = "libc++";
				CLANG_ENABLE_MODULES = YES;
				CLANG_ENABLE_OBJC_ARC = YES;
				CLANG_ENABLE_OBJC_WEAK = YES;
				CLANG_WARN_BLOCK_CAPTURE_AUTORELEASING = YES;
				CLANG_WARN_BOOL_CONVERSION = YES;
				CLANG_WARN_COMMA = YES;
				CLANG_WARN_CONSTANT_CONVERSION = YES;
				CLANG_WARN_DEPRECATED_OBJC_IMPLEMENTATIONS = YES;
				CLANG_WARN_DIRECT_OBJC_ISA_USAGE = YES_ERROR;
				CLANG_WARN_DOCUMENTATION_COMMENTS = YES;
				CLANG_WARN_EMPTY_BODY = YES;
				CLANG_WARN_ENUM_CONVERSION = YES;
				CLANG_WARN_INFINITE_RECURSION = YES;
				CLANG_WARN_INT_CONVERSION = YES;
				CLANG_WARN_NON_LITERAL_NULL_CONVERSION = YES;
				CLANG_WARN_OBJC_IMPLICIT_RETAIN_SELF = YES;
				CLANG_WARN_OBJC_LITERAL_CONVERSION = YES;
				CLANG_WARN_OBJC_ROOT_CLASS = YES_ERROR;
				CLANG_WARN_RANGE_LOOP_ANALYSIS = YES;
				CLANG_WARN_STRICT_PROTOTYPES = YES;
				CLANG_WARN_SUSPICIOUS_MOVE = YES;
				CLANG_WARN_UNGUARDED_AVAILABILITY = YES_AGGRESSIVE;
				CLANG_WARN_UNREACHABLE_CODE = YES;
				CLANG_WARN__DUPLICATE_METHOD_MATCH = YES;
				COPY_PHASE_STRIP = NO;
				DEBUG_INFORMATION_FORMAT = "dwarf-with-dsym";
				ENABLE_NS_ASSERTIONS = NO;
				ENABLE_STRICT_OBJC_MSGSEND = YES;
				GCC_C_LANGUAGE_STANDARD = gnu11;
				GCC_NO_COMMON_BLOCKS = YES;
				GCC_WARN_64_TO_32_BIT_CONVERSION = YES;
				GCC_WARN_ABOUT_RETURN_TYPE = YES_ERROR;
				GCC_WARN_UNDECLARED_SELECTOR = YES;
				GCC_WARN_UNINITIALIZED_AUTOS = YES_AGGRESSIVE;
				GCC_WARN_UNUSED_FUNCTION = YES;
				GCC_WARN_UNUSED_VARIABLE = YES;
				IPHONEOS_DEPLOYMENT_TARGET = 13.7;
				MTL_ENABLE_DEBUG_INFO = NO;
				MTL_FAST_MATH = YES;
				SDKROOT = iphoneos;
				SWIFT_COMPILATION_MODE = wholemodule;
				SWIFT_OPTIMIZATION_LEVEL = "-O";
				VALIDATE_PRODUCT = YES;
			};
			name = Release;
		};
		831AC14F250D8426001E6C1F /* Debug */ = {
			isa = XCBuildConfiguration;
			baseConfigurationReference = 7D0EA319CC73D7D5A26045F9 /* Pods-Flix.debug.xcconfig */;
			buildSettings = {
				ASSETCATALOG_COMPILER_APPICON_NAME = AppIcon;
				CODE_SIGN_STYLE = Automatic;
				DEVELOPMENT_TEAM = 5KDB992SJC;
				INFOPLIST_FILE = Flix/Info.plist;
				LD_RUNPATH_SEARCH_PATHS = (
					"$(inherited)",
					"@executable_path/Frameworks",
				);
				PRODUCT_BUNDLE_IDENTIFIER = MSU.Flix;
				PRODUCT_NAME = "$(TARGET_NAME)";
				SWIFT_VERSION = 5.0;
				TARGETED_DEVICE_FAMILY = "1,2";
			};
			name = Debug;
		};
		831AC150250D8426001E6C1F /* Release */ = {
			isa = XCBuildConfiguration;
			baseConfigurationReference = 4A151FD8631BF6A40BCACB79 /* Pods-Flix.release.xcconfig */;
			buildSettings = {
				ASSETCATALOG_COMPILER_APPICON_NAME = AppIcon;
				CODE_SIGN_STYLE = Automatic;
				DEVELOPMENT_TEAM = 5KDB992SJC;
				INFOPLIST_FILE = Flix/Info.plist;
				LD_RUNPATH_SEARCH_PATHS = (
					"$(inherited)",
					"@executable_path/Frameworks",
				);
				PRODUCT_BUNDLE_IDENTIFIER = MSU.Flix;
				PRODUCT_NAME = "$(TARGET_NAME)";
				SWIFT_VERSION = 5.0;
				TARGETED_DEVICE_FAMILY = "1,2";
			};
			name = Release;
		};
		831AC152250D8426001E6C1F /* Debug */ = {
			isa = XCBuildConfiguration;
			baseConfigurationReference = C974FABC80A2437CAC02C1DA /* Pods-FlixTests.debug.xcconfig */;
			buildSettings = {
				ALWAYS_EMBED_SWIFT_STANDARD_LIBRARIES = YES;
				BUNDLE_LOADER = "$(TEST_HOST)";
				CODE_SIGN_STYLE = Automatic;
				INFOPLIST_FILE = FlixTests/Info.plist;
				IPHONEOS_DEPLOYMENT_TARGET = 13.7;
				LD_RUNPATH_SEARCH_PATHS = (
					"$(inherited)",
					"@executable_path/Frameworks",
					"@loader_path/Frameworks",
				);
				PRODUCT_BUNDLE_IDENTIFIER = MSU.FlixTests;
				PRODUCT_NAME = "$(TARGET_NAME)";
				SWIFT_VERSION = 5.0;
				TARGETED_DEVICE_FAMILY = "1,2";
				TEST_HOST = "$(BUILT_PRODUCTS_DIR)/Flix.app/Flix";
			};
			name = Debug;
		};
		831AC153250D8426001E6C1F /* Release */ = {
			isa = XCBuildConfiguration;
			baseConfigurationReference = 6735587A84F992EC1ACF705E /* Pods-FlixTests.release.xcconfig */;
			buildSettings = {
				ALWAYS_EMBED_SWIFT_STANDARD_LIBRARIES = YES;
				BUNDLE_LOADER = "$(TEST_HOST)";
				CODE_SIGN_STYLE = Automatic;
				INFOPLIST_FILE = FlixTests/Info.plist;
				IPHONEOS_DEPLOYMENT_TARGET = 13.7;
				LD_RUNPATH_SEARCH_PATHS = (
					"$(inherited)",
					"@executable_path/Frameworks",
					"@loader_path/Frameworks",
				);
				PRODUCT_BUNDLE_IDENTIFIER = MSU.FlixTests;
				PRODUCT_NAME = "$(TARGET_NAME)";
				SWIFT_VERSION = 5.0;
				TARGETED_DEVICE_FAMILY = "1,2";
				TEST_HOST = "$(BUILT_PRODUCTS_DIR)/Flix.app/Flix";
			};
			name = Release;
		};
		831AC155250D8426001E6C1F /* Debug */ = {
			isa = XCBuildConfiguration;
			baseConfigurationReference = E5ABCD8F7C87BD4D4ACB9D2D /* Pods-Flix-FlixUITests.debug.xcconfig */;
			buildSettings = {
				ALWAYS_EMBED_SWIFT_STANDARD_LIBRARIES = YES;
				CODE_SIGN_STYLE = Automatic;
				INFOPLIST_FILE = FlixUITests/Info.plist;
				LD_RUNPATH_SEARCH_PATHS = (
					"$(inherited)",
					"@executable_path/Frameworks",
					"@loader_path/Frameworks",
				);
				PRODUCT_BUNDLE_IDENTIFIER = MSU.FlixUITests;
				PRODUCT_NAME = "$(TARGET_NAME)";
				SWIFT_VERSION = 5.0;
				TARGETED_DEVICE_FAMILY = "1,2";
				TEST_TARGET_NAME = Flix;
			};
			name = Debug;
		};
		831AC156250D8426001E6C1F /* Release */ = {
			isa = XCBuildConfiguration;
			baseConfigurationReference = DBB7A7369B26C41DA3053B94 /* Pods-Flix-FlixUITests.release.xcconfig */;
			buildSettings = {
				ALWAYS_EMBED_SWIFT_STANDARD_LIBRARIES = YES;
				CODE_SIGN_STYLE = Automatic;
				INFOPLIST_FILE = FlixUITests/Info.plist;
				LD_RUNPATH_SEARCH_PATHS = (
					"$(inherited)",
					"@executable_path/Frameworks",
					"@loader_path/Frameworks",
				);
				PRODUCT_BUNDLE_IDENTIFIER = MSU.FlixUITests;
				PRODUCT_NAME = "$(TARGET_NAME)";
				SWIFT_VERSION = 5.0;
				TARGETED_DEVICE_FAMILY = "1,2";
				TEST_TARGET_NAME = Flix;
			};
			name = Release;
		};
/* End XCBuildConfiguration section */

/* Begin XCConfigurationList section */
		831AC11F250D8424001E6C1F /* Build configuration list for PBXProject "Flix" */ = {
			isa = XCConfigurationList;
			buildConfigurations = (
				831AC14C250D8426001E6C1F /* Debug */,
				831AC14D250D8426001E6C1F /* Release */,
			);
			defaultConfigurationIsVisible = 0;
			defaultConfigurationName = Release;
		};
		831AC14E250D8426001E6C1F /* Build configuration list for PBXNativeTarget "Flix" */ = {
			isa = XCConfigurationList;
			buildConfigurations = (
				831AC14F250D8426001E6C1F /* Debug */,
				831AC150250D8426001E6C1F /* Release */,
			);
			defaultConfigurationIsVisible = 0;
			defaultConfigurationName = Release;
		};
		831AC151250D8426001E6C1F /* Build configuration list for PBXNativeTarget "FlixTests" */ = {
			isa = XCConfigurationList;
			buildConfigurations = (
				831AC152250D8426001E6C1F /* Debug */,
				831AC153250D8426001E6C1F /* Release */,
			);
			defaultConfigurationIsVisible = 0;
			defaultConfigurationName = Release;
		};
		831AC154250D8426001E6C1F /* Build configuration list for PBXNativeTarget "FlixUITests" */ = {
			isa = XCConfigurationList;
			buildConfigurations = (
				831AC155250D8426001E6C1F /* Debug */,
				831AC156250D8426001E6C1F /* Release */,
			);
			defaultConfigurationIsVisible = 0;
			defaultConfigurationName = Release;
		};
/* End XCConfigurationList section */
	};
	rootObject = 831AC11C250D8424001E6C1F /* Project object */;
}
